// !$*UTF8*$!
{
	archiveVersion = 1;
	classes = {
	};
	objectVersion = 46;
	objects = {

/* Begin PBXBuildFile section */
		529F5D6B1D284F1C00765B6F /* AppDelegate.swift in Sources */ = {isa = PBXBuildFile; fileRef = 529F5D6A1D284F1C00765B6F /* AppDelegate.swift */; };
		529F5D6D1D284F1C00765B6F /* ViewController.swift in Sources */ = {isa = PBXBuildFile; fileRef = 529F5D6C1D284F1C00765B6F /* ViewController.swift */; };
		529F5D701D284F1C00765B6F /* Main.storyboard in Resources */ = {isa = PBXBuildFile; fileRef = 529F5D6E1D284F1C00765B6F /* Main.storyboard */; };
		529F5D751D284F1C00765B6F /* LaunchScreen.storyboard in Resources */ = {isa = PBXBuildFile; fileRef = 529F5D731D284F1C00765B6F /* LaunchScreen.storyboard */; };
		529F5D7D1D2858EB00765B6F /* QuestionBank.swift in Sources */ = {isa = PBXBuildFile; fileRef = 529F5D7C1D2858EB00765B6F /* QuestionBank.swift */; };
		FD434C7D1F702045003C4C6C /* Question.swift in Sources */ = {isa = PBXBuildFile; fileRef = FD434C7C1F702045003C4C6C /* Question.swift */; };
		FD434C8A1F702563003C4C6C /* icon_true-1 19-00-57-720.png in Resources */ = {isa = PBXBuildFile; fileRef = FD434C871F702563003C4C6C /* icon_true-1 19-00-57-720.png */; };
		FD434C8B1F702563003C4C6C /* icon_false-1.png in Resources */ = {isa = PBXBuildFile; fileRef = FD434C881F702563003C4C6C /* icon_false-1.png */; };
		FD434C8C1F702563003C4C6C /* helloImage.png in Resources */ = {isa = PBXBuildFile; fileRef = FD434C891F702563003C4C6C /* helloImage.png */; };
		FD434C8E1F7025CF003C4C6C /* Images.xcassets in Resources */ = {isa = PBXBuildFile; fileRef = FD434C8D1F7025CF003C4C6C /* Images.xcassets */; };
		FD633F491F7029FA00DC0F20 /* ProgressHUD.bundle in Resources */ = {isa = PBXBuildFile; fileRef = FD633F461F7029FA00DC0F20 /* ProgressHUD.bundle */; };
		FD633F4A1F7029FA00DC0F20 /* ProgressHUD.m in Sources */ = {isa = PBXBuildFile; fileRef = FD633F481F7029FA00DC0F20 /* ProgressHUD.m */; };
/* End PBXBuildFile section */

/* Begin PBXFileReference section */
		529F5D671D284F1C00765B6F /* QMee.app */ = {isa = PBXFileReference; explicitFileType = wrapper.application; includeInIndex = 0; path = QMee.app; sourceTree = BUILT_PRODUCTS_DIR; };
		529F5D6A1D284F1C00765B6F /* AppDelegate.swift */ = {isa = PBXFileReference; lastKnownFileType = sourcecode.swift; path = AppDelegate.swift; sourceTree = "<group>"; };
		529F5D6C1D284F1C00765B6F /* ViewController.swift */ = {isa = PBXFileReference; lastKnownFileType = sourcecode.swift; path = ViewController.swift; sourceTree = "<group>"; };
		529F5D6F1D284F1C00765B6F /* Base */ = {isa = PBXFileReference; lastKnownFileType = file.storyboard; name = Base; path = Base.lproj/Main.storyboard; sourceTree = "<group>"; };
		529F5D741D284F1C00765B6F /* Base */ = {isa = PBXFileReference; lastKnownFileType = file.storyboard; name = Base; path = Base.lproj/LaunchScreen.storyboard; sourceTree = "<group>"; };
		529F5D761D284F1C00765B6F /* Info.plist */ = {isa = PBXFileReference; lastKnownFileType = text.plist.xml; path = Info.plist; sourceTree = "<group>"; };
		529F5D7C1D2858EB00765B6F /* QuestionBank.swift */ = {isa = PBXFileReference; fileEncoding = 4; lastKnownFileType = sourcecode.swift; path = QuestionBank.swift; sourceTree = "<group>"; };
		FD434C7C1F702045003C4C6C /* Question.swift */ = {isa = PBXFileReference; fileEncoding = 4; lastKnownFileType = sourcecode.swift; path = Question.swift; sourceTree = "<group>"; };
		FD434C871F702563003C4C6C /* icon_true-1 19-00-57-720.png */ = {isa = PBXFileReference; lastKnownFileType = image.png; path = "icon_true-1 19-00-57-720.png"; sourceTree = "<group>"; };
		FD434C881F702563003C4C6C /* icon_false-1.png */ = {isa = PBXFileReference; lastKnownFileType = image.png; path = "icon_false-1.png"; sourceTree = "<group>"; };
		FD434C891F702563003C4C6C /* helloImage.png */ = {isa = PBXFileReference; lastKnownFileType = image.png; path = helloImage.png; sourceTree = "<group>"; };
		FD434C8D1F7025CF003C4C6C /* Images.xcassets */ = {isa = PBXFileReference; lastKnownFileType = folder.assetcatalog; path = Images.xcassets; sourceTree = "<group>"; };
		FD633F451F7029FA00DC0F20 /* QMee-Bridging-Header.h */ = {isa = PBXFileReference; lastKnownFileType = sourcecode.c.h; path = "QMee-Bridging-Header.h"; sourceTree = "<group>"; };
		FD633F461F7029FA00DC0F20 /* ProgressHUD.bundle */ = {isa = PBXFileReference; lastKnownFileType = "wrapper.plug-in"; path = ProgressHUD.bundle; sourceTree = "<group>"; };
		FD633F471F7029FA00DC0F20 /* ProgressHUD.h */ = {isa = PBXFileReference; fileEncoding = 4; lastKnownFileType = sourcecode.c.h; path = ProgressHUD.h; sourceTree = "<group>"; };
		FD633F481F7029FA00DC0F20 /* ProgressHUD.m */ = {isa = PBXFileReference; fileEncoding = 4; lastKnownFileType = sourcecode.c.objc; path = ProgressHUD.m; sourceTree = "<group>"; };
/* End PBXFileReference section */

/* Begin PBXFrameworksBuildPhase section */
		529F5D641D284F1B00765B6F /* Frameworks */ = {
			isa = PBXFrameworksBuildPhase;
			buildActionMask = 2147483647;
			files = (
			);
			runOnlyForDeploymentPostprocessing = 0;
		};
/* End PBXFrameworksBuildPhase section */

/* Begin PBXGroup section */
		1987F6F71E8511A8006F3424 /* View */ = {
			isa = PBXGroup;
			children = (
				529F5D6E1D284F1C00765B6F /* Main.storyboard */,
			);
			name = View;
			sourceTree = "<group>";
		};
		1987F6F81E8511B2006F3424 /* Controller */ = {
			isa = PBXGroup;
			children = (
				529F5D6C1D284F1C00765B6F /* ViewController.swift */,
			);
			name = Controller;
			sourceTree = "<group>";
		};
		1987F6F91E8511BC006F3424 /* Others */ = {
			isa = PBXGroup;
			children = (
				FD633F461F7029FA00DC0F20 /* ProgressHUD.bundle */,
				FD633F471F7029FA00DC0F20 /* ProgressHUD.h */,
				FD633F481F7029FA00DC0F20 /* ProgressHUD.m */,
				529F5D6A1D284F1C00765B6F /* AppDelegate.swift */,
				529F5D731D284F1C00765B6F /* LaunchScreen.storyboard */,
				529F5D761D284F1C00765B6F /* Info.plist */,
				FD633F451F7029FA00DC0F20 /* QMee-Bridging-Header.h */,
			);
			name = Others;
			sourceTree = "<group>";
		};
		1987F6FA1E8511C7006F3424 /* Model */ = {
			isa = PBXGroup;
			children = (
				529F5D7C1D2858EB00765B6F /* QuestionBank.swift */,
				FD434C7C1F702045003C4C6C /* Question.swift */,
			);
			name = Model;
			sourceTree = "<group>";
		};
		529F5D5E1D284F1B00765B6F = {
			isa = PBXGroup;
			children = (
				529F5D691D284F1C00765B6F /* QMee */,
				529F5D681D284F1C00765B6F /* Products */,
			);
			sourceTree = "<group>";
		};
		529F5D681D284F1C00765B6F /* Products */ = {
			isa = PBXGroup;
			children = (
				529F5D671D284F1C00765B6F /* QMee.app */,
			);
			name = Products;
			sourceTree = "<group>";
		};
		529F5D691D284F1C00765B6F /* QMee */ = {
			isa = PBXGroup;
			children = (
				FD434C841F7023E5003C4C6C /* Images */,
				1987F6FA1E8511C7006F3424 /* Model */,
				1987F6F71E8511A8006F3424 /* View */,
				1987F6F81E8511B2006F3424 /* Controller */,
				1987F6F91E8511BC006F3424 /* Others */,
				FD434C8D1F7025CF003C4C6C /* Images.xcassets */,
			);
			path = QMee;
			sourceTree = "<group>";
		};
		FD434C841F7023E5003C4C6C /* Images */ = {
			isa = PBXGroup;
			children = (
				FD434C871F702563003C4C6C /* icon_true-1 19-00-57-720.png */,
				FD434C881F702563003C4C6C /* icon_false-1.png */,
				FD434C891F702563003C4C6C /* helloImage.png */,
			);
			name = Images;
			path = Images.png;
			sourceTree = "<group>";
		};
/* End PBXGroup section */

/* Begin PBXNativeTarget section */
		529F5D661D284F1B00765B6F /* QMee */ = {
			isa = PBXNativeTarget;
			buildConfigurationList = 529F5D791D284F1C00765B6F /* Build configuration list for PBXNativeTarget "QMee" */;
			buildPhases = (
				529F5D631D284F1B00765B6F /* Sources */,
				529F5D641D284F1B00765B6F /* Frameworks */,
				529F5D651D284F1B00765B6F /* Resources */,
			);
			buildRules = (
			);
			dependencies = (
			);
			name = QMee;
			productName = QMee;
			productReference = 529F5D671D284F1C00765B6F /* QMee.app */;
			productType = "com.apple.product-type.application";
		};
/* End PBXNativeTarget section */

/* Begin PBXProject section */
		529F5D5F1D284F1B00765B6F /* Project object */ = {
			isa = PBXProject;
			attributes = {
				LastSwiftUpdateCheck = 0800;
				LastUpgradeCheck = 0800;
				ORGANIZATIONNAME = "Developers Academy";
				TargetAttributes = {
					529F5D661D284F1B00765B6F = {
						CreatedOnToolsVersion = 8.0;
						DevelopmentTeam = F7AZ625QQ5;
						DevelopmentTeamName = "Duc Tran";
						LastSwiftMigration = 0830;
						ProvisioningStyle = Automatic;
					};
				};
			};
			buildConfigurationList = 529F5D621D284F1B00765B6F /* Build configuration list for PBXProject "QMee" */;
			compatibilityVersion = "Xcode 3.2";
			developmentRegion = English;
			hasScannedForEncodings = 0;
			knownRegions = (
				en,
				Base,
			);
			mainGroup = 529F5D5E1D284F1B00765B6F;
			productRefGroup = 529F5D681D284F1C00765B6F /* Products */;
			projectDirPath = "";
			projectRoot = "";
			targets = (
				529F5D661D284F1B00765B6F /* QMee */,
			);
		};
/* End PBXProject section */

/* Begin PBXResourcesBuildPhase section */
		529F5D651D284F1B00765B6F /* Resources */ = {
			isa = PBXResourcesBuildPhase;
			buildActionMask = 2147483647;
			files = (
				FD434C8B1F702563003C4C6C /* icon_false-1.png in Resources */,
				529F5D751D284F1C00765B6F /* LaunchScreen.storyboard in Resources */,
				FD633F491F7029FA00DC0F20 /* ProgressHUD.bundle in Resources */,
				529F5D701D284F1C00765B6F /* Main.storyboard in Resources */,
				FD434C8E1F7025CF003C4C6C /* Images.xcassets in Resources */,
				FD434C8A1F702563003C4C6C /* icon_true-1 19-00-57-720.png in Resources */,
				FD434C8C1F702563003C4C6C /* helloImage.png in Resources */,
			);
			runOnlyForDeploymentPostprocessing = 0;
		};
/* End PBXResourcesBuildPhase section */

/* Begin PBXSourcesBuildPhase section */
		529F5D631D284F1B00765B6F /* Sources */ = {
			isa = PBXSourcesBuildPhase;
			buildActionMask = 2147483647;
			files = (
				529F5D6D1D284F1C00765B6F /* ViewController.swift in Sources */,
				FD434C7D1F702045003C4C6C /* Question.swift in Sources */,
				FD633F4A1F7029FA00DC0F20 /* ProgressHUD.m in Sources */,
				529F5D6B1D284F1C00765B6F /* AppDelegate.swift in Sources */,
				529F5D7D1D2858EB00765B6F /* QuestionBank.swift in Sources */,
			);
			runOnlyForDeploymentPostprocessing = 0;
		};
/* End PBXSourcesBuildPhase section */

/* Begin PBXVariantGroup section */
		529F5D6E1D284F1C00765B6F /* Main.storyboard */ = {
			isa = PBXVariantGroup;
			children = (
				529F5D6F1D284F1C00765B6F /* Base */,
			);
			name = Main.storyboard;
			sourceTree = "<group>";
		};
		529F5D731D284F1C00765B6F /* LaunchScreen.storyboard */ = {
			isa = PBXVariantGroup;
			children = (
				529F5D741D284F1C00765B6F /* Base */,
			);
			name = LaunchScreen.storyboard;
			sourceTree = "<group>";
		};
/* End PBXVariantGroup section */

/* Begin XCBuildConfiguration section */
		529F5D771D284F1C00765B6F /* Debug */ = {
			isa = XCBuildConfiguration;
			buildSettings = {
				ALWAYS_SEARCH_USER_PATHS = NO;
				CLANG_ANALYZER_NONNULL = YES;
				CLANG_CXX_LANGUAGE_STANDARD = "gnu++0x";
				CLANG_CXX_LIBRARY = "libc++";
				CLANG_ENABLE_MODULES = YES;
				CLANG_ENABLE_OBJC_ARC = YES;
				CLANG_WARN_BOOL_CONVERSION = YES;
				CLANG_WARN_CONSTANT_CONVERSION = YES;
				CLANG_WARN_DIRECT_OBJC_ISA_USAGE = YES_ERROR;
				CLANG_WARN_DOCUMENTATION_COMMENTS = YES;
				CLANG_WARN_EMPTY_BODY = YES;
				CLANG_WARN_ENUM_CONVERSION = YES;
				CLANG_WARN_INT_CONVERSION = YES;
				CLANG_WARN_OBJC_ROOT_CLASS = YES_ERROR;
				CLANG_WARN_UNREACHABLE_CODE = YES;
				CLANG_WARN__DUPLICATE_METHOD_MATCH = YES;
				"CODE_SIGN_IDENTITY[sdk=iphoneos*]" = "iPhone Developer";
				COPY_PHASE_STRIP = NO;
				DEBUG_INFORMATION_FORMAT = dwarf;
				ENABLE_STRICT_OBJC_MSGSEND = YES;
				ENABLE_TESTABILITY = YES;
				GCC_C_LANGUAGE_STANDARD = gnu99;
				GCC_DYNAMIC_NO_PIC = NO;
				GCC_NO_COMMON_BLOCKS = YES;
				GCC_OPTIMIZATION_LEVEL = 0;
				GCC_PREPROCESSOR_DEFINITIONS = (
					"DEBUG=1",
					"$(inherited)",
				);
				GCC_WARN_64_TO_32_BIT_CONVERSION = YES;
				GCC_WARN_ABOUT_RETURN_TYPE = YES_ERROR;
				GCC_WARN_UNDECLARED_SELECTOR = YES;
				GCC_WARN_UNINITIALIZED_AUTOS = YES_AGGRESSIVE;
				GCC_WARN_UNUSED_FUNCTION = YES;
				GCC_WARN_UNUSED_VARIABLE = YES;
				IPHONEOS_DEPLOYMENT_TARGET = 10.0;
				MTL_ENABLE_DEBUG_INFO = YES;
				ONLY_ACTIVE_ARCH = YES;
				SDKROOT = iphoneos;
				SWIFT_ACTIVE_COMPILATION_CONDITIONS = DEBUG;
				SWIFT_OPTIMIZATION_LEVEL = "-Onone";
				TARGETED_DEVICE_FAMILY = "1,2";
			};
			name = Debug;
		};
		529F5D781D284F1C00765B6F /* Release */ = {
			isa = XCBuildConfiguration;
			buildSettings = {
				ALWAYS_SEARCH_USER_PATHS = NO;
				CLANG_ANALYZER_NONNULL = YES;
				CLANG_CXX_LANGUAGE_STANDARD = "gnu++0x";
				CLANG_CXX_LIBRARY = "libc++";
				CLANG_ENABLE_MODULES = YES;
				CLANG_ENABLE_OBJC_ARC = YES;
				CLANG_WARN_BOOL_CONVERSION = YES;
				CLANG_WARN_CONSTANT_CONVERSION = YES;
				CLANG_WARN_DIRECT_OBJC_ISA_USAGE = YES_ERROR;
				CLANG_WARN_DOCUMENTATION_COMMENTS = YES;
				CLANG_WARN_EMPTY_BODY = YES;
				CLANG_WARN_ENUM_CONVERSION = YES;
				CLANG_WARN_INT_CONVERSION = YES;
				CLANG_WARN_OBJC_ROOT_CLASS = YES_ERROR;
				CLANG_WARN_UNREACHABLE_CODE = YES;
				CLANG_WARN__DUPLICATE_METHOD_MATCH = YES;
				"CODE_SIGN_IDENTITY[sdk=iphoneos*]" = "iPhone Developer";
				COPY_PHASE_STRIP = NO;
				DEBUG_INFORMATION_FORMAT = "dwarf-with-dsym";
				ENABLE_NS_ASSERTIONS = NO;
				ENABLE_STRICT_OBJC_MSGSEND = YES;
				GCC_C_LANGUAGE_STANDARD = gnu99;
				GCC_NO_COMMON_BLOCKS = YES;
				GCC_WARN_64_TO_32_BIT_CONVERSION = YES;
				GCC_WARN_ABOUT_RETURN_TYPE = YES_ERROR;
				GCC_WARN_UNDECLARED_SELECTOR = YES;
				GCC_WARN_UNINITIALIZED_AUTOS = YES_AGGRESSIVE;
				GCC_WARN_UNUSED_FUNCTION = YES;
				GCC_WARN_UNUSED_VARIABLE = YES;
				IPHONEOS_DEPLOYMENT_TARGET = 10.0;
				MTL_ENABLE_DEBUG_INFO = NO;
				SDKROOT = iphoneos;
				SWIFT_OPTIMIZATION_LEVEL = "-Owholemodule";
				TARGETED_DEVICE_FAMILY = "1,2";
				VALIDATE_PRODUCT = YES;
			};
			name = Release;
		};
		529F5D7A1D284F1C00765B6F /* Debug */ = {
			isa = XCBuildConfiguration;
			buildSettings = {
				ASSETCATALOG_COMPILER_APPICON_NAME = AppIcon;
				ASSETCATALOG_COMPILER_LAUNCHIMAGE_NAME = LaunchImage;
				CLANG_ENABLE_MODULES = YES;
				DEVELOPMENT_TEAM = F7AZ625QQ5;
				INFOPLIST_FILE = QMee/Info.plist;
				LD_RUNPATH_SEARCH_PATHS = "$(inherited) @executable_path/Frameworks";
				PRODUCT_BUNDLE_IDENTIFIER = io.bystritskiy.qmee;
				PRODUCT_NAME = "$(TARGET_NAME)";
				SWIFT_OBJC_BRIDGING_HEADER = "QMee/QMee-Bridging-Header.h";
				SWIFT_OPTIMIZATION_LEVEL = "-Onone";
				SWIFT_VERSION = 3.0;
			};
			name = Debug;
		};
		529F5D7B1D284F1C00765B6F /* Release */ = {
			isa = XCBuildConfiguration;
			buildSettings = {
				ASSETCATALOG_COMPILER_APPICON_NAME = AppIcon;
				ASSETCATALOG_COMPILER_LAUNCHIMAGE_NAME = LaunchImage;
				CLANG_ENABLE_MODULES = YES;
				DEVELOPMENT_TEAM = F7AZ625QQ5;
				INFOPLIST_FILE = QMee/Info.plist;
				LD_RUNPATH_SEARCH_PATHS = "$(inherited) @executable_path/Frameworks";
				PRODUCT_BUNDLE_IDENTIFIER = io.bystritskiy.qmee;
				PRODUCT_NAME = "$(TARGET_NAME)";
				SWIFT_OBJC_BRIDGING_HEADER = "QMee/QMee-Bridging-Header.h";
				SWIFT_VERSION = 3.0;
			};
			name = Release;
		};
/* End XCBuildConfiguration section */

/* Begin XCConfigurationList section */
		529F5D621D284F1B00765B6F /* Build configuration list for PBXProject "QMee" */ = {
			isa = XCConfigurationList;
			buildConfigurations = (
				529F5D771D284F1C00765B6F /* Debug */,
				529F5D781D284F1C00765B6F /* Release */,
			);
			defaultConfigurationIsVisible = 0;
			defaultConfigurationName = Release;
		};
		529F5D791D284F1C00765B6F /* Build configuration list for PBXNativeTarget "QMee" */ = {
			isa = XCConfigurationList;
			buildConfigurations = (
				529F5D7A1D284F1C00765B6F /* Debug */,
				529F5D7B1D284F1C00765B6F /* Release */,
			);
			defaultConfigurationIsVisible = 0;
			defaultConfigurationName = Release;
		};
/* End XCConfigurationList section */
	};
	rootObject = 529F5D5F1D284F1B00765B6F /* Project object */;
}
